
Microsoft Visual Studio Solution File, Format Version 12.00
# Visual Studio 15
VisualStudioVersion = 15.0.27428.2005
MinimumVisualStudioVersion = 10.0.40219.1
Project("{8BC9CEB8-8B4A-11D0-8D11-00A0C91BC942}") = "graphics_swim_or_die", "graphics_swim_or_die\graphics_swim_or_die.vcxproj", "{20D2ADB5-4915-4CC4-976C-538A915CDDF7}"
EndProject
Global
	GlobalSection(SolutionConfigurationPlatforms) = preSolution
		Debug|x64 = Debug|x64
		Debug|x86 = Debug|x86
		Release|x64 = Release|x64
		Release|x86 = Release|x86
	EndGlobalSection
	GlobalSection(ProjectConfigurationPlatforms) = postSolution
		{20D2ADB5-4915-4CC4-976C-538A915CDDF7}.Debug|x64.ActiveCfg = Debug|x64
		{20D2ADB5-4915-4CC4-976C-538A915CDDF7}.Debug|x64.Build.0 = Debug|x64
		{20D2ADB5-4915-4CC4-976C-538A915CDDF7}.Debug|x86.ActiveCfg = Debug|Win32
		{20D2ADB5-4915-4CC4-976C-538A915CDDF7}.Debug|x86.Build.0 = Debug|Win32
		{20D2ADB5-4915-4CC4-976C-538A915CDDF7}.Release|x64.ActiveCfg = Release|x64
		{20D2ADB5-4915-4CC4-976C-538A915CDDF7}.Release|x64.Build.0 = Release|x64
		{20D2ADB5-4915-4CC4-976C-538A915CDDF7}.Release|x86.ActiveCfg = Release|Win32
		{20D2ADB5-4915-4CC4-976C-538A915CDDF7}.Release|x86.Build.0 = Release|Win32
	EndGlobalSection
	GlobalSection(SolutionProperties) = preSolution
		HideSolutionNode = FALSE
	EndGlobalSection
	GlobalSection(ExtensibilityGlobals) = postSolution
		SolutionGuid = {0B0C1991-D987-4265-9FF0-54F8E274E389}
	EndGlobalSection
EndGlobal
